<?xml version="1.0" encoding="utf-8"?>
<Project ToolsVersion="16.0" xmlns="http://schemas.microsoft.com/developer/msbuild/2003">
  <ItemGroup>
    <ClCompile Include="E:\web_server\xampp\htdocs\PRIVATE_SERVER\cpp-wrap\test-make-for-cpp\myTools_c++\cef\cef-project\examples\minimal\main_minimal.cc">
      <Filter>minimal</Filter>
    </ClCompile>
    <ClCompile Include="E:\web_server\xampp\htdocs\PRIVATE_SERVER\cpp-wrap\test-make-for-cpp\myTools_c++\cef\cef-project\examples\message_router\app_browser_impl.cc">
      <Filter>message_router</Filter>
    </ClCompile>
    <ClCompile Include="E:\web_server\xampp\htdocs\PRIVATE_SERVER\cpp-wrap\test-make-for-cpp\myTools_c++\cef\cef-project\examples\message_router\client_impl.cc">
      <Filter>message_router</Filter>
    </ClCompile>
    <ClCompile Include="E:\web_server\xampp\htdocs\PRIVATE_SERVER\cpp-wrap\test-make-for-cpp\myTools_c++\cef\cef-project\examples\message_router\resource_util_win_impl.cc">
      <Filter>message_router</Filter>
    </ClCompile>
    <ClCompile Include="E:\web_server\xampp\htdocs\PRIVATE_SERVER\cpp-wrap\test-make-for-cpp\myTools_c++\cef\cef-project\examples\minimal\app_other_minimal.cc">
      <Filter>minimal</Filter>
    </ClCompile>
    <ClCompile Include="E:\web_server\xampp\htdocs\PRIVATE_SERVER\cpp-wrap\test-make-for-cpp\myTools_c++\cef\cef-project\examples\message_router\app_renderer_impl.cc">
      <Filter>message_router</Filter>
    </ClCompile>
  </ItemGroup>
  <ItemGroup>
    <ClInclude Include="E:\web_server\xampp\htdocs\PRIVATE_SERVER\cpp-wrap\test-make-for-cpp\myTools_c++\cef\cef-project\examples\message_router\client_impl.h">
      <Filter>message_router</Filter>
    </ClInclude>
    <ClInclude Include="E:\web_server\xampp\htdocs\PRIVATE_SERVER\cpp-wrap\test-make-for-cpp\myTools_c++\cef\cef-project\examples\message_router\resources\win\resource.h">
      <Filter>message_router\resources\win</Filter>
    </ClInclude>
    <ClInclude Include="E:\web_server\xampp\htdocs\PRIVATE_SERVER\cpp-wrap\test-make-for-cpp\myTools_c++\cef\cef-project\examples\shared\resources\win\resource.h">
      <Filter>shared\resources\win</Filter>
    </ClInclude>
  </ItemGroup>
  <ItemGroup>
    <CustomBuild Include="E:\web_server\xampp\htdocs\PRIVATE_SERVER\cpp-wrap\test-make-for-cpp\myTools_c++\cef\cef-project\examples\message_router\CMakeLists.txt" />
  </ItemGroup>
  <ItemGroup>
    <None Include="E:\web_server\xampp\htdocs\PRIVATE_SERVER\cpp-wrap\test-make-for-cpp\myTools_c++\cef\cef-project\examples\message_router\resources\message_router.html">
      <Filter>message_router\resources</Filter>
    </None>
    <None Include="E:\web_server\xampp\htdocs\PRIVATE_SERVER\cpp-wrap\test-make-for-cpp\myTools_c++\cef\cef-project\examples\shared\resources\win\big.ico">
      <Filter>shared\resources\win</Filter>
    </None>
    <None Include="E:\web_server\xampp\htdocs\PRIVATE_SERVER\cpp-wrap\test-make-for-cpp\myTools_c++\cef\cef-project\examples\shared\resources\win\small.ico">
      <Filter>shared\resources\win</Filter>
    </None>
  </ItemGroup>
  <ItemGroup>
    <ResourceCompile Include="E:\web_server\xampp\htdocs\PRIVATE_SERVER\cpp-wrap\test-make-for-cpp\myTools_c++\cef\cef-project\examples\message_router\resources\win\resource.rc">
      <Filter>message_router\resources\win</Filter>
    </ResourceCompile>
    <ResourceCompile Include="E:\web_server\xampp\htdocs\PRIVATE_SERVER\cpp-wrap\test-make-for-cpp\myTools_c++\cef\cef-project\examples\shared\resources\win\shared.rc">
      <Filter>shared\resources\win</Filter>
    </ResourceCompile>
  </ItemGroup>
  <ItemGroup>
    <Filter Include="message_router">
      <UniqueIdentifier>{11C5A1BA-8BC2-386B-8BF3-39BC2BBF0AC1}</UniqueIdentifier>
    </Filter>
    <Filter Include="message_router\resources">
      <UniqueIdentifier>{D6B127C1-676D-395C-8AA0-7B195FA870CD}</UniqueIdentifier>
    </Filter>
    <Filter Include="message_router\resources\win">
      <UniqueIdentifier>{6B1FF4B1-F4C2-3051-8E85-9FD6EB43E491}</UniqueIdentifier>
    </Filter>
    <Filter Include="minimal">
      <UniqueIdentifier>{7EA881C3-7F5E-3D33-8E8A-782DFBF5AA4A}</UniqueIdentifier>
    </Filter>
    <Filter Include="shared">
      <UniqueIdentifier>{1B90B2E3-F96B-33B6-B77C-00C91A45C4F0}</UniqueIdentifier>
    </Filter>
    <Filter Include="shared\resources">
      <UniqueIdentifier>{903E13C8-BAFE-3541-849F-9F59F6988A9B}</UniqueIdentifier>
    </Filter>
    <Filter Include="shared\resources\win">
      <UniqueIdentifier>{BC4B15CF-38B7-3383-841C-773E6AD81350}</UniqueIdentifier>
    </Filter>
  </ItemGroup>
</Project>
