<?xml version="1.0" encoding="utf-8"?>
<Project ToolsVersion="16.0" xmlns="http://schemas.microsoft.com/developer/msbuild/2003">
  <ItemGroup>
    <ClCompile Include="E:\web_server\xampp\htdocs\PRIVATE_SERVER\cpp-wrap\test-make-for-cpp\myTools_c++\cef\cef-project\examples\minimal\main_minimal.cc">
      <Filter>minimal</Filter>
    </ClCompile>
    <ClCompile Include="E:\web_server\xampp\htdocs\PRIVATE_SERVER\cpp-wrap\test-make-for-cpp\myTools_c++\cef\cef-project\examples\resource_manager\app_browser_impl.cc">
      <Filter>resource_manager</Filter>
    </ClCompile>
    <ClCompile Include="E:\web_server\xampp\htdocs\PRIVATE_SERVER\cpp-wrap\test-make-for-cpp\myTools_c++\cef\cef-project\examples\resource_manager\client_impl.cc">
      <Filter>resource_manager</Filter>
    </ClCompile>
    <ClCompile Include="E:\web_server\xampp\htdocs\PRIVATE_SERVER\cpp-wrap\test-make-for-cpp\myTools_c++\cef\cef-project\examples\resource_manager\resource_util_win_impl.cc">
      <Filter>resource_manager</Filter>
    </ClCompile>
    <ClCompile Include="E:\web_server\xampp\htdocs\PRIVATE_SERVER\cpp-wrap\test-make-for-cpp\myTools_c++\cef\cef-project\examples\minimal\app_other_minimal.cc">
      <Filter>minimal</Filter>
    </ClCompile>
    <ClCompile Include="E:\web_server\xampp\htdocs\PRIVATE_SERVER\cpp-wrap\test-make-for-cpp\myTools_c++\cef\cef-project\examples\minimal\app_renderer_minimal.cc">
      <Filter>minimal</Filter>
    </ClCompile>
  </ItemGroup>
  <ItemGroup>
    <ClInclude Include="E:\web_server\xampp\htdocs\PRIVATE_SERVER\cpp-wrap\test-make-for-cpp\myTools_c++\cef\cef-project\examples\resource_manager\client_impl.h">
      <Filter>resource_manager</Filter>
    </ClInclude>
    <ClInclude Include="E:\web_server\xampp\htdocs\PRIVATE_SERVER\cpp-wrap\test-make-for-cpp\myTools_c++\cef\cef-project\examples\resource_manager\resources\win\resource.h">
      <Filter>resource_manager\resources\win</Filter>
    </ClInclude>
    <ClInclude Include="E:\web_server\xampp\htdocs\PRIVATE_SERVER\cpp-wrap\test-make-for-cpp\myTools_c++\cef\cef-project\examples\shared\resources\win\resource.h">
      <Filter>shared\resources\win</Filter>
    </ClInclude>
  </ItemGroup>
  <ItemGroup>
    <CustomBuild Include="E:\web_server\xampp\htdocs\PRIVATE_SERVER\cpp-wrap\test-make-for-cpp\myTools_c++\cef\cef-project\examples\resource_manager\CMakeLists.txt" />
  </ItemGroup>
  <ItemGroup>
    <Image Include="E:\web_server\xampp\htdocs\PRIVATE_SERVER\cpp-wrap\test-make-for-cpp\myTools_c++\cef\cef-project\examples\resource_manager\resources\logo.png">
      <Filter>resource_manager\resources</Filter>
    </Image>
  </ItemGroup>
  <ItemGroup>
    <None Include="E:\web_server\xampp\htdocs\PRIVATE_SERVER\cpp-wrap\test-make-for-cpp\myTools_c++\cef\cef-project\examples\resource_manager\resources\resource_manager.html">
      <Filter>resource_manager\resources</Filter>
    </None>
    <None Include="E:\web_server\xampp\htdocs\PRIVATE_SERVER\cpp-wrap\test-make-for-cpp\myTools_c++\cef\cef-project\examples\shared\resources\win\big.ico">
      <Filter>shared\resources\win</Filter>
    </None>
    <None Include="E:\web_server\xampp\htdocs\PRIVATE_SERVER\cpp-wrap\test-make-for-cpp\myTools_c++\cef\cef-project\examples\shared\resources\win\small.ico">
      <Filter>shared\resources\win</Filter>
    </None>
  </ItemGroup>
  <ItemGroup>
    <ResourceCompile Include="E:\web_server\xampp\htdocs\PRIVATE_SERVER\cpp-wrap\test-make-for-cpp\myTools_c++\cef\cef-project\examples\resource_manager\resources\win\resource.rc">
      <Filter>resource_manager\resources\win</Filter>
    </ResourceCompile>
    <ResourceCompile Include="E:\web_server\xampp\htdocs\PRIVATE_SERVER\cpp-wrap\test-make-for-cpp\myTools_c++\cef\cef-project\examples\shared\resources\win\shared.rc">
      <Filter>shared\resources\win</Filter>
    </ResourceCompile>
  </ItemGroup>
  <ItemGroup>
    <Filter Include="minimal">
      <UniqueIdentifier>{7EA881C3-7F5E-3D33-8E8A-782DFBF5AA4A}</UniqueIdentifier>
    </Filter>
    <Filter Include="resource_manager">
      <UniqueIdentifier>{5B1D5FF2-DE37-3430-B590-9727541FF9D7}</UniqueIdentifier>
    </Filter>
    <Filter Include="resource_manager\resources">
      <UniqueIdentifier>{EE8C570C-2C7D-3486-A006-AB35A5705BCA}</UniqueIdentifier>
    </Filter>
    <Filter Include="resource_manager\resources\win">
      <UniqueIdentifier>{1B3B30ED-C71E-3FC0-9C8E-1342B32489DF}</UniqueIdentifier>
    </Filter>
    <Filter Include="shared">
      <UniqueIdentifier>{1B90B2E3-F96B-33B6-B77C-00C91A45C4F0}</UniqueIdentifier>
    </Filter>
    <Filter Include="shared\resources">
      <UniqueIdentifier>{903E13C8-BAFE-3541-849F-9F59F6988A9B}</UniqueIdentifier>
    </Filter>
    <Filter Include="shared\resources\win">
      <UniqueIdentifier>{BC4B15CF-38B7-3383-841C-773E6AD81350}</UniqueIdentifier>
    </Filter>
  </ItemGroup>
</Project>
